
Microsoft Visual Studio Solution File, Format Version 12.00
# Visual Studio Version 17
VisualStudioVersion = 17.11.35222.181
MinimumVisualStudioVersion = 10.0.40219.1
Project("{9A19103F-16F7-4668-BE54-9A1E7A4F7556}") = "PS2Fas", "PS2Fas\PS2Fas.csproj", "{1619ACD1-2168-4F50-9B0C-76AD6F88E883}"
EndProject
Project("{2150E333-8FDC-42A3-9474-1A3956D46DE8}") = "Solution Items", "Solution Items", "{EFF4B410-EF3C-483C-9A8F-C0116D9C4CF7}"
	ProjectSection(SolutionItems) = preProject
		readme.md = readme.md
	EndProjectSection
EndProject
Global
	GlobalSection(SolutionConfigurationPlatforms) = preSolution
		Debug|Any CPU = Debug|Any CPU
		Release|Any CPU = Release|Any CPU
	EndGlobalSection
	GlobalSection(ProjectConfigurationPlatforms) = postSolution
		{1619ACD1-2168-4F50-9B0C-76AD6F88E883}.Debug|Any CPU.ActiveCfg = Debug|Any CPU
		{1619ACD1-2168-4F50-9B0C-76AD6F88E883}.Debug|Any CPU.Build.0 = Debug|Any CPU
		{1619ACD1-2168-4F50-9B0C-76AD6F88E883}.Release|Any CPU.ActiveCfg = Release|Any CPU
		{1619ACD1-2168-4F50-9B0C-76AD6F88E883}.Release|Any CPU.Build.0 = Release|Any CPU
	EndGlobalSection
	GlobalSection(SolutionProperties) = preSolution
		HideSolutionNode = FALSE
	EndGlobalSection
	GlobalSection(ExtensibilityGlobals) = postSolution
		SolutionGuid = {299A38BF-CECF-43BD-9F6C-1D6029782159}
	EndGlobalSection
EndGlobal
